{
  "requires": true,
  "lockfileVersion": 1,
  "dependencies": {
    "reduce-reducers": {
      "version": "1.0.4",
      "resolved": "https://registry.npmjs.org/reduce-reducers/-/reduce-reducers-1.0.4.tgz",
      "integrity": "sha512-Mb2WZ2bJF597exiqX7owBzrqJ74DHLK3yOQjCyPAaNifRncE8OD0wFIuoMhXxTnHK07+8zZ2SJEKy/qtiyR7vw=="
    }
  }
}
